dependencies:
- name: backstage
  repository: https://janus-idp.github.io/helm-backstage
  version: 2.4.0
- name: postgresql-persistent
  repository: https://sclorg.github.io/helm-charts
  version: 0.0.1
digest: sha256:f0d45c536ec1efedce1c6a44a316b370aa66f97ed5142f5fae0e6aca246adb60
generated: "2023-09-26T15:49:16.832640938+03:00"
