dependencies:
- name: backstage
  repository: https://janus-idp.github.io/helm-backstage
  version: 2.4.0
- name: postgresql-persistent
  repository: https://sclorg.github.io/helm-charts
  version: 0.0.3
- name: devmode
  repository: file://devmode
  version: 0.1.0
- name: sonataflow-operator
  repository: file://sonataflow-operator
  version: 0.1.0
- name: workflows
  repository: file://workflows
  version: 0.1.0
digest: sha256:2667b943630787a43a02a09b449db8e5142ce5b6bd7ec6049ab2c50d5f0c25d9
generated: "2023-10-20T14:16:35.096561377+03:00"
