dependencies:
- name: backstage
  repository: https://janus-idp.github.io/helm-backstage
  version: 2.11.4
- name: postgresql-persistent
  repository: https://sclorg.github.io/helm-charts
  version: 0.0.3
- name: serverless-knative
  repository: file://charts/serverless-knative
  version: 0.1.0
- name: sonataflow-operator
  repository: file://charts/sonataflow-operator
  version: 0.1.0
- name: devmode
  repository: file://charts/devmode
  version: 0.1.0
- name: workflows
  repository: https://parodos.dev/serverless-workflows-helm
  version: 0.2.0
digest: sha256:7b9ec34ce721b383633fe4f48a2e0c3b430416f4d91a0707f7459ff2194a37aa
generated: "2024-01-25T20:38:26.808340607+01:00"
